
Microsoft Visual Studio Solution File, Format Version 12.00
# Visual Studio Version 16
VisualStudioVersion = 16.0.29324.140
MinimumVisualStudioVersion = 10.0.40219.1
Project("{FAE04EC0-301F-11D3-BF4B-00C04F79EFBC}") = "DemoAPI", "DemoAPI\DemoAPI.csproj", "{4D326546-F5D3-4140-93FC-5E2C605537FC}"
EndProject
Global
	GlobalSection(SolutionConfigurationPlatforms) = preSolution
		Debug|Any CPU = Debug|Any CPU
		Release|Any CPU = Release|Any CPU
	EndGlobalSection
	GlobalSection(ProjectConfigurationPlatforms) = postSolution
		{4D326546-F5D3-4140-93FC-5E2C605537FC}.Debug|Any CPU.ActiveCfg = Debug|Any CPU
		{4D326546-F5D3-4140-93FC-5E2C605537FC}.Debug|Any CPU.Build.0 = Debug|Any CPU
		{4D326546-F5D3-4140-93FC-5E2C605537FC}.Release|Any CPU.ActiveCfg = Release|Any CPU
		{4D326546-F5D3-4140-93FC-5E2C605537FC}.Release|Any CPU.Build.0 = Release|Any CPU
	EndGlobalSection
	GlobalSection(SolutionProperties) = preSolution
		HideSolutionNode = FALSE
	EndGlobalSection
	GlobalSection(ExtensibilityGlobals) = postSolution
		SolutionGuid = {D2BE194B-D6E9-4E42-BCE0-37B192B41803}
	EndGlobalSection
EndGlobal
